
Microsoft Visual Studio Solution File, Format Version 12.00
# Visual Studio 15
VisualStudioVersion = 15.0.26430.4
MinimumVisualStudioVersion = 10.0.40219.1
Project("{FAE04EC0-301F-11D3-BF4B-00C04F79EFBC}") = "Module02HelloWorld", "Module02HelloWorld\Module02HelloWorld.csproj", "{8BB39E4E-25FA-4DBC-81BE-E594D228913E}"
EndProject
Project("{FAE04EC0-301F-11D3-BF4B-00C04F79EFBC}") = "Module03ValueTypes", "ConsoleApp1\Module03ValueTypes.csproj", "{33EB6FA7-60A2-4787-8D84-D15ED6E4E82A}"
EndProject
Project("{FAE04EC0-301F-11D3-BF4B-00C04F79EFBC}") = "Module04RefTypesAndStatements", "Module04RefTypesAndStatements\Module04RefTypesAndStatements.csproj", "{F91D4381-58E9-41F8-9034-0B2922141266}"
EndProject
Project("{FAE04EC0-301F-11D3-BF4B-00C04F79EFBC}") = "Module05Methods", "ConsoleApp2\Module05Methods.csproj", "{D87CB1DC-5FE7-4ADE-B17D-D82BA7761FBA}"
EndProject
Project("{FAE04EC0-301F-11D3-BF4B-00C04F79EFBC}") = "Module06OOP", "ConsoleApp3\Module06OOP.csproj", "{0655C571-DCE7-48FA-8712-C86B2FE2B47E}"
EndProject
Project("{FAE04EC0-301F-11D3-BF4B-00C04F79EFBC}") = "Module93MinKlasse", "Module93MinKlasse\Module93MinKlasse.csproj", "{A6B318BF-F74F-4B73-914E-935FB5662DE4}"
EndProject
Project("{FAE04EC0-301F-11D3-BF4B-00C04F79EFBC}") = "Module07Properties", "Module07Properties\Module07Properties.csproj", "{C9778356-2CD5-4F53-B2BA-4B3EEBFC8EE4}"
EndProject
Project("{FAE04EC0-301F-11D3-BF4B-00C04F79EFBC}") = "Module07Vare", "Module07Vare\Module07Vare.csproj", "{C9DEB5A4-2956-4EA0-BC4E-B1BE13EB85AA}"
EndProject
Project("{FAE04EC0-301F-11D3-BF4B-00C04F79EFBC}") = "Module07Trekant", "Module07Trekant\Module07Trekant.csproj", "{3BD43810-FC2E-43CC-B620-39077F1D7D23}"
EndProject
Project("{FAE04EC0-301F-11D3-BF4B-00C04F79EFBC}") = "Module08Inheritance", "Module08Inheritance\Module08Inheritance.csproj", "{944B8047-A39C-4F42-8D88-E31376082035}"
EndProject
Project("{FAE04EC0-301F-11D3-BF4B-00C04F79EFBC}") = "Module08Terning", "Module08Terning\Module08Terning.csproj", "{13A4CEA6-3FF2-498F-97B9-38D386C8E6E6}"
EndProject
Project("{FAE04EC0-301F-11D3-BF4B-00C04F79EFBC}") = "Module08Polymorphism", "Module08Polymorphism\Module08Polymorphism.csproj", "{E0DABF57-F016-493B-A993-47D16805D943}"
EndProject
Project("{FAE04EC0-301F-11D3-BF4B-00C04F79EFBC}") = "TestApplication", "TestApplication\TestApplication.csproj", "{3939A84F-978D-4637-80B1-704C7059EBB1}"
EndProject
Project("{FAE04EC0-301F-11D3-BF4B-00C04F79EFBC}") = "Module08Yatzy", "Module08Yatzy\Module08Yatzy.csproj", "{505294E3-89F3-4FF6-989E-D9A693BBA41D}"
EndProject
Project("{FAE04EC0-301F-11D3-BF4B-00C04F79EFBC}") = "Module09ExceptionHandling", "Module09ExceptionHandling\Module09ExceptionHandling.csproj", "{06D2E5ED-90DF-4A33-BC37-F034E96156AD}"
EndProject
Project("{FAE04EC0-301F-11D3-BF4B-00C04F79EFBC}") = "Module09Log", "Module09Log\Module09Log.csproj", "{39B6E513-0D4C-4DFE-9F6D-422CF34DEA93}"
EndProject
Project("{FAE04EC0-301F-11D3-BF4B-00C04F79EFBC}") = "Module10Interface", "Module10Interface\Module10Interface.csproj", "{01BE496E-0317-4226-BEDB-79D60BF9E724}"
EndProject
Project("{FAE04EC0-301F-11D3-BF4B-00C04F79EFBC}") = "Module10InterfaceIComparable", "Module10InterfaceIComparable\Module10InterfaceIComparable.csproj", "{6A95E99D-BE5A-4B20-AF74-05401A7A27EC}"
EndProject
Project("{FAE04EC0-301F-11D3-BF4B-00C04F79EFBC}") = "Module11CollectionGeneric", "Module11CollectionGeneric\Module11CollectionGeneric.csproj", "{68D9F508-27C5-4872-80E7-FB987503C4C3}"
EndProject
Global
	GlobalSection(SolutionConfigurationPlatforms) = preSolution
		Debug|Any CPU = Debug|Any CPU
		Release|Any CPU = Release|Any CPU
	EndGlobalSection
	GlobalSection(ProjectConfigurationPlatforms) = postSolution
		{8BB39E4E-25FA-4DBC-81BE-E594D228913E}.Debug|Any CPU.ActiveCfg = Debug|Any CPU
		{8BB39E4E-25FA-4DBC-81BE-E594D228913E}.Debug|Any CPU.Build.0 = Debug|Any CPU
		{8BB39E4E-25FA-4DBC-81BE-E594D228913E}.Release|Any CPU.ActiveCfg = Release|Any CPU
		{8BB39E4E-25FA-4DBC-81BE-E594D228913E}.Release|Any CPU.Build.0 = Release|Any CPU
		{33EB6FA7-60A2-4787-8D84-D15ED6E4E82A}.Debug|Any CPU.ActiveCfg = Debug|Any CPU
		{33EB6FA7-60A2-4787-8D84-D15ED6E4E82A}.Debug|Any CPU.Build.0 = Debug|Any CPU
		{33EB6FA7-60A2-4787-8D84-D15ED6E4E82A}.Release|Any CPU.ActiveCfg = Release|Any CPU
		{33EB6FA7-60A2-4787-8D84-D15ED6E4E82A}.Release|Any CPU.Build.0 = Release|Any CPU
		{F91D4381-58E9-41F8-9034-0B2922141266}.Debug|Any CPU.ActiveCfg = Debug|Any CPU
		{F91D4381-58E9-41F8-9034-0B2922141266}.Debug|Any CPU.Build.0 = Debug|Any CPU
		{F91D4381-58E9-41F8-9034-0B2922141266}.Release|Any CPU.ActiveCfg = Release|Any CPU
		{F91D4381-58E9-41F8-9034-0B2922141266}.Release|Any CPU.Build.0 = Release|Any CPU
		{D87CB1DC-5FE7-4ADE-B17D-D82BA7761FBA}.Debug|Any CPU.ActiveCfg = Debug|Any CPU
		{D87CB1DC-5FE7-4ADE-B17D-D82BA7761FBA}.Debug|Any CPU.Build.0 = Debug|Any CPU
		{D87CB1DC-5FE7-4ADE-B17D-D82BA7761FBA}.Release|Any CPU.ActiveCfg = Release|Any CPU
		{D87CB1DC-5FE7-4ADE-B17D-D82BA7761FBA}.Release|Any CPU.Build.0 = Release|Any CPU
		{0655C571-DCE7-48FA-8712-C86B2FE2B47E}.Debug|Any CPU.ActiveCfg = Debug|Any CPU
		{0655C571-DCE7-48FA-8712-C86B2FE2B47E}.Debug|Any CPU.Build.0 = Debug|Any CPU
		{0655C571-DCE7-48FA-8712-C86B2FE2B47E}.Release|Any CPU.ActiveCfg = Release|Any CPU
		{0655C571-DCE7-48FA-8712-C86B2FE2B47E}.Release|Any CPU.Build.0 = Release|Any CPU
		{A6B318BF-F74F-4B73-914E-935FB5662DE4}.Debug|Any CPU.ActiveCfg = Debug|Any CPU
		{A6B318BF-F74F-4B73-914E-935FB5662DE4}.Debug|Any CPU.Build.0 = Debug|Any CPU
		{A6B318BF-F74F-4B73-914E-935FB5662DE4}.Release|Any CPU.ActiveCfg = Release|Any CPU
		{A6B318BF-F74F-4B73-914E-935FB5662DE4}.Release|Any CPU.Build.0 = Release|Any CPU
		{C9778356-2CD5-4F53-B2BA-4B3EEBFC8EE4}.Debug|Any CPU.ActiveCfg = Debug|Any CPU
		{C9778356-2CD5-4F53-B2BA-4B3EEBFC8EE4}.Debug|Any CPU.Build.0 = Debug|Any CPU
		{C9778356-2CD5-4F53-B2BA-4B3EEBFC8EE4}.Release|Any CPU.ActiveCfg = Release|Any CPU
		{C9778356-2CD5-4F53-B2BA-4B3EEBFC8EE4}.Release|Any CPU.Build.0 = Release|Any CPU
		{C9DEB5A4-2956-4EA0-BC4E-B1BE13EB85AA}.Debug|Any CPU.ActiveCfg = Debug|Any CPU
		{C9DEB5A4-2956-4EA0-BC4E-B1BE13EB85AA}.Debug|Any CPU.Build.0 = Debug|Any CPU
		{C9DEB5A4-2956-4EA0-BC4E-B1BE13EB85AA}.Release|Any CPU.ActiveCfg = Release|Any CPU
		{C9DEB5A4-2956-4EA0-BC4E-B1BE13EB85AA}.Release|Any CPU.Build.0 = Release|Any CPU
		{3BD43810-FC2E-43CC-B620-39077F1D7D23}.Debug|Any CPU.ActiveCfg = Debug|Any CPU
		{3BD43810-FC2E-43CC-B620-39077F1D7D23}.Debug|Any CPU.Build.0 = Debug|Any CPU
		{3BD43810-FC2E-43CC-B620-39077F1D7D23}.Release|Any CPU.ActiveCfg = Release|Any CPU
		{3BD43810-FC2E-43CC-B620-39077F1D7D23}.Release|Any CPU.Build.0 = Release|Any CPU
		{944B8047-A39C-4F42-8D88-E31376082035}.Debug|Any CPU.ActiveCfg = Debug|Any CPU
		{944B8047-A39C-4F42-8D88-E31376082035}.Debug|Any CPU.Build.0 = Debug|Any CPU
		{944B8047-A39C-4F42-8D88-E31376082035}.Release|Any CPU.ActiveCfg = Release|Any CPU
		{944B8047-A39C-4F42-8D88-E31376082035}.Release|Any CPU.Build.0 = Release|Any CPU
		{13A4CEA6-3FF2-498F-97B9-38D386C8E6E6}.Debug|Any CPU.ActiveCfg = Debug|Any CPU
		{13A4CEA6-3FF2-498F-97B9-38D386C8E6E6}.Debug|Any CPU.Build.0 = Debug|Any CPU
		{13A4CEA6-3FF2-498F-97B9-38D386C8E6E6}.Release|Any CPU.ActiveCfg = Release|Any CPU
		{13A4CEA6-3FF2-498F-97B9-38D386C8E6E6}.Release|Any CPU.Build.0 = Release|Any CPU
		{E0DABF57-F016-493B-A993-47D16805D943}.Debug|Any CPU.ActiveCfg = Debug|Any CPU
		{E0DABF57-F016-493B-A993-47D16805D943}.Debug|Any CPU.Build.0 = Debug|Any CPU
		{E0DABF57-F016-493B-A993-47D16805D943}.Release|Any CPU.ActiveCfg = Release|Any CPU
		{E0DABF57-F016-493B-A993-47D16805D943}.Release|Any CPU.Build.0 = Release|Any CPU
		{3939A84F-978D-4637-80B1-704C7059EBB1}.Debug|Any CPU.ActiveCfg = Debug|Any CPU
		{3939A84F-978D-4637-80B1-704C7059EBB1}.Debug|Any CPU.Build.0 = Debug|Any CPU
		{3939A84F-978D-4637-80B1-704C7059EBB1}.Release|Any CPU.ActiveCfg = Release|Any CPU
		{3939A84F-978D-4637-80B1-704C7059EBB1}.Release|Any CPU.Build.0 = Release|Any CPU
		{505294E3-89F3-4FF6-989E-D9A693BBA41D}.Debug|Any CPU.ActiveCfg = Debug|Any CPU
		{505294E3-89F3-4FF6-989E-D9A693BBA41D}.Debug|Any CPU.Build.0 = Debug|Any CPU
		{505294E3-89F3-4FF6-989E-D9A693BBA41D}.Release|Any CPU.ActiveCfg = Release|Any CPU
		{505294E3-89F3-4FF6-989E-D9A693BBA41D}.Release|Any CPU.Build.0 = Release|Any CPU
		{06D2E5ED-90DF-4A33-BC37-F034E96156AD}.Debug|Any CPU.ActiveCfg = Debug|Any CPU
		{06D2E5ED-90DF-4A33-BC37-F034E96156AD}.Debug|Any CPU.Build.0 = Debug|Any CPU
		{06D2E5ED-90DF-4A33-BC37-F034E96156AD}.Release|Any CPU.ActiveCfg = Release|Any CPU
		{06D2E5ED-90DF-4A33-BC37-F034E96156AD}.Release|Any CPU.Build.0 = Release|Any CPU
		{39B6E513-0D4C-4DFE-9F6D-422CF34DEA93}.Debug|Any CPU.ActiveCfg = Debug|Any CPU
		{39B6E513-0D4C-4DFE-9F6D-422CF34DEA93}.Debug|Any CPU.Build.0 = Debug|Any CPU
		{39B6E513-0D4C-4DFE-9F6D-422CF34DEA93}.Release|Any CPU.ActiveCfg = Release|Any CPU
		{39B6E513-0D4C-4DFE-9F6D-422CF34DEA93}.Release|Any CPU.Build.0 = Release|Any CPU
		{01BE496E-0317-4226-BEDB-79D60BF9E724}.Debug|Any CPU.ActiveCfg = Debug|Any CPU
		{01BE496E-0317-4226-BEDB-79D60BF9E724}.Debug|Any CPU.Build.0 = Debug|Any CPU
		{01BE496E-0317-4226-BEDB-79D60BF9E724}.Release|Any CPU.ActiveCfg = Release|Any CPU
		{01BE496E-0317-4226-BEDB-79D60BF9E724}.Release|Any CPU.Build.0 = Release|Any CPU
		{6A95E99D-BE5A-4B20-AF74-05401A7A27EC}.Debug|Any CPU.ActiveCfg = Debug|Any CPU
		{6A95E99D-BE5A-4B20-AF74-05401A7A27EC}.Debug|Any CPU.Build.0 = Debug|Any CPU
		{6A95E99D-BE5A-4B20-AF74-05401A7A27EC}.Release|Any CPU.ActiveCfg = Release|Any CPU
		{6A95E99D-BE5A-4B20-AF74-05401A7A27EC}.Release|Any CPU.Build.0 = Release|Any CPU
		{68D9F508-27C5-4872-80E7-FB987503C4C3}.Debug|Any CPU.ActiveCfg = Debug|Any CPU
		{68D9F508-27C5-4872-80E7-FB987503C4C3}.Debug|Any CPU.Build.0 = Debug|Any CPU
		{68D9F508-27C5-4872-80E7-FB987503C4C3}.Release|Any CPU.ActiveCfg = Release|Any CPU
		{68D9F508-27C5-4872-80E7-FB987503C4C3}.Release|Any CPU.Build.0 = Release|Any CPU
	EndGlobalSection
	GlobalSection(SolutionProperties) = preSolution
		HideSolutionNode = FALSE
	EndGlobalSection
EndGlobal
